PODS:
  - Flutter (1.0.0)
  - flutter_native_calendar (0.1.0):
    - Flutter

DEPENDENCIES:
  - Flutter (from `Flutter`)
  - flutter_native_calendar (from `.symlinks/plugins/flutter_native_calendar/ios`)

EXTERNAL SOURCES:
  Flutter:
    :path: Flutter
  flutter_native_calendar:
    :path: ".symlinks/plugins/flutter_native_calendar/ios"

SPEC CHECKSUMS:
  Flutter: e0871f40cf51350855a761d2e70bf5af5b9b5de7
  flutter_native_calendar: a48245ce401dcc051b9d6d54776b4b8e3af48cd4

PODFILE CHECKSUM: 7be2f5f74864d463a8ad433546ed1de7e0f29aef

COCOAPODS: 1.16.2
